// !$*UTF8*$!
{
	archiveVersion = 1;
	classes = {
	};
	objectVersion = 46;
	objects = {

/* Begin PBXBuildFile section */
		E423332B1DD1C4CB00558138 /* main.m in Sources */ = {isa = PBXBuildFile; fileRef = E423332A1DD1C4CB00558138 /* main.m */; };
		E423332E1DD1C4CB00558138 /* AppDelegate.m in Sources */ = {isa = PBXBuildFile; fileRef = E423332D1DD1C4CB00558138 /* AppDelegate.m */; };
		E42333311DD1C4CB00558138 /* ViewController.m in Sources */ = {isa = PBXBuildFile; fileRef = E42333301DD1C4CB00558138 /* ViewController.m */; };
		E42333341DD1C4CB00558138 /* Main.storyboard in Resources */ = {isa = PBXBuildFile; fileRef = E42333321DD1C4CB00558138 /* Main.storyboard */; };
		E42333361DD1C4CB00558138 /* Assets.xcassets in Resources */ = {isa = PBXBuildFile; fileRef = E42333351DD1C4CB00558138 /* Assets.xcassets */; };
		E42333391DD1C4CB00558138 /* LaunchScreen.storyboard in Resources */ = {isa = PBXBuildFile; fileRef = E42333371DD1C4CB00558138 /* LaunchScreen.storyboard */; };
		E42333431DD1C5A500558138 /* UIViewController+transtion.m in Sources */ = {isa = PBXBuildFile; fileRef = E42333421DD1C5A500558138 /* UIViewController+transtion.m */; };
		E42333461DD1C64900558138 /* transtionProperty.m in Sources */ = {isa = PBXBuildFile; fileRef = E42333451DD1C64900558138 /* transtionProperty.m */; };
		E42333491DD1D96B00558138 /* UIViewController+TransitionProperty.m in Sources */ = {isa = PBXBuildFile; fileRef = E42333481DD1D96B00558138 /* UIViewController+TransitionProperty.m */; };
/* End PBXBuildFile section */

/* Begin PBXFileReference section */
		E42333261DD1C4CB00558138 /* Trastion.app */ = {isa = PBXFileReference; explicitFileType = wrapper.application; includeInIndex = 0; path = Trastion.app; sourceTree = BUILT_PRODUCTS_DIR; };
		E423332A1DD1C4CB00558138 /* main.m */ = {isa = PBXFileReference; lastKnownFileType = sourcecode.c.objc; path = main.m; sourceTree = "<group>"; };
		E423332C1DD1C4CB00558138 /* AppDelegate.h */ = {isa = PBXFileReference; lastKnownFileType = sourcecode.c.h; path = AppDelegate.h; sourceTree = "<group>"; };
		E423332D1DD1C4CB00558138 /* AppDelegate.m */ = {isa = PBXFileReference; lastKnownFileType = sourcecode.c.objc; path = AppDelegate.m; sourceTree = "<group>"; };
		E423332F1DD1C4CB00558138 /* ViewController.h */ = {isa = PBXFileReference; lastKnownFileType = sourcecode.c.h; path = ViewController.h; sourceTree = "<group>"; };
		E42333301DD1C4CB00558138 /* ViewController.m */ = {isa = PBXFileReference; lastKnownFileType = sourcecode.c.objc; path = ViewController.m; sourceTree = "<group>"; };
		E42333331DD1C4CB00558138 /* Base */ = {isa = PBXFileReference; lastKnownFileType = file.storyboard; name = Base; path = Base.lproj/Main.storyboard; sourceTree = "<group>"; };
		E42333351DD1C4CB00558138 /* Assets.xcassets */ = {isa = PBXFileReference; lastKnownFileType = folder.assetcatalog; path = Assets.xcassets; sourceTree = "<group>"; };
		E42333381DD1C4CB00558138 /* Base */ = {isa = PBXFileReference; lastKnownFileType = file.storyboard; name = Base; path = Base.lproj/LaunchScreen.storyboard; sourceTree = "<group>"; };
		E423333A1DD1C4CB00558138 /* Info.plist */ = {isa = PBXFileReference; lastKnownFileType = text.plist.xml; path = Info.plist; sourceTree = "<group>"; };
		E42333401DD1C4FE00558138 /* transtionType.h */ = {isa = PBXFileReference; lastKnownFileType = sourcecode.c.h; path = transtionType.h; sourceTree = "<group>"; };
		E42333411DD1C5A500558138 /* UIViewController+transtion.h */ = {isa = PBXFileReference; fileEncoding = 4; lastKnownFileType = sourcecode.c.h; path = "UIViewController+transtion.h"; sourceTree = "<group>"; };
		E42333421DD1C5A500558138 /* UIViewController+transtion.m */ = {isa = PBXFileReference; fileEncoding = 4; lastKnownFileType = sourcecode.c.objc; path = "UIViewController+transtion.m"; sourceTree = "<group>"; };
		E42333441DD1C64900558138 /* transtionProperty.h */ = {isa = PBXFileReference; fileEncoding = 4; lastKnownFileType = sourcecode.c.h; path = transtionProperty.h; sourceTree = "<group>"; };
		E42333451DD1C64900558138 /* transtionProperty.m */ = {isa = PBXFileReference; fileEncoding = 4; lastKnownFileType = sourcecode.c.objc; path = transtionProperty.m; sourceTree = "<group>"; };
		E42333471DD1D96B00558138 /* UIViewController+TransitionProperty.h */ = {isa = PBXFileReference; fileEncoding = 4; lastKnownFileType = sourcecode.c.h; path = "UIViewController+TransitionProperty.h"; sourceTree = "<group>"; };
		E42333481DD1D96B00558138 /* UIViewController+TransitionProperty.m */ = {isa = PBXFileReference; fileEncoding = 4; lastKnownFileType = sourcecode.c.objc; path = "UIViewController+TransitionProperty.m"; sourceTree = "<group>"; };
/* End PBXFileReference section */

/* Begin PBXFrameworksBuildPhase section */
		E42333231DD1C4CB00558138 /* Frameworks */ = {
			isa = PBXFrameworksBuildPhase;
			buildActionMask = 2147483647;
			files = (
			);
			runOnlyForDeploymentPostprocessing = 0;
		};
/* End PBXFrameworksBuildPhase section */

/* Begin PBXGroup section */
		E423331D1DD1C4CB00558138 = {
			isa = PBXGroup;
			children = (
				E42333281DD1C4CB00558138 /* Trastion */,
				E42333271DD1C4CB00558138 /* Products */,
			);
			sourceTree = "<group>";
		};
		E42333271DD1C4CB00558138 /* Products */ = {
			isa = PBXGroup;
			children = (
				E42333261DD1C4CB00558138 /* Trastion.app */,
			);
			name = Products;
			sourceTree = "<group>";
		};
		E42333281DD1C4CB00558138 /* Trastion */ = {
			isa = PBXGroup;
			children = (
				E423332C1DD1C4CB00558138 /* AppDelegate.h */,
				E42333411DD1C5A500558138 /* UIViewController+transtion.h */,
				E42333421DD1C5A500558138 /* UIViewController+transtion.m */,
				E42333471DD1D96B00558138 /* UIViewController+TransitionProperty.h */,
				E42333481DD1D96B00558138 /* UIViewController+TransitionProperty.m */,
				E423332D1DD1C4CB00558138 /* AppDelegate.m */,
				E423332F1DD1C4CB00558138 /* ViewController.h */,
				E42333301DD1C4CB00558138 /* ViewController.m */,
				E42333321DD1C4CB00558138 /* Main.storyboard */,
				E42333351DD1C4CB00558138 /* Assets.xcassets */,
				E42333401DD1C4FE00558138 /* transtionType.h */,
				E42333441DD1C64900558138 /* transtionProperty.h */,
				E42333451DD1C64900558138 /* transtionProperty.m */,
				E42333371DD1C4CB00558138 /* LaunchScreen.storyboard */,
				E423333A1DD1C4CB00558138 /* Info.plist */,
				E42333291DD1C4CB00558138 /* Supporting Files */,
			);
			path = Trastion;
			sourceTree = "<group>";
		};
		E42333291DD1C4CB00558138 /* Supporting Files */ = {
			isa = PBXGroup;
			children = (
				E423332A1DD1C4CB00558138 /* main.m */,
			);
			name = "Supporting Files";
			sourceTree = "<group>";
		};
/* End PBXGroup section */

/* Begin PBXNativeTarget section */
		E42333251DD1C4CB00558138 /* Trastion */ = {
			isa = PBXNativeTarget;
			buildConfigurationList = E423333D1DD1C4CB00558138 /* Build configuration list for PBXNativeTarget "Trastion" */;
			buildPhases = (
				E42333221DD1C4CB00558138 /* Sources */,
				E42333231DD1C4CB00558138 /* Frameworks */,
				E42333241DD1C4CB00558138 /* Resources */,
			);
			buildRules = (
			);
			dependencies = (
			);
			name = Trastion;
			productName = Trastion;
			productReference = E42333261DD1C4CB00558138 /* Trastion.app */;
			productType = "com.apple.product-type.application";
		};
/* End PBXNativeTarget section */

/* Begin PBXProject section */
		E423331E1DD1C4CB00558138 /* Project object */ = {
			isa = PBXProject;
			attributes = {
				LastUpgradeCheck = 0800;
				ORGANIZATIONNAME = ffss;
				TargetAttributes = {
					E42333251DD1C4CB00558138 = {
						CreatedOnToolsVersion = 8.0;
						ProvisioningStyle = Automatic;
					};
				};
			};
			buildConfigurationList = E42333211DD1C4CB00558138 /* Build configuration list for PBXProject "Trastion" */;
			compatibilityVersion = "Xcode 3.2";
			developmentRegion = English;
			hasScannedForEncodings = 0;
			knownRegions = (
				en,
				Base,
			);
			mainGroup = E423331D1DD1C4CB00558138;
			productRefGroup = E42333271DD1C4CB00558138 /* Products */;
			projectDirPath = "";
			projectRoot = "";
			targets = (
				E42333251DD1C4CB00558138 /* Trastion */,
			);
		};
/* End PBXProject section */

/* Begin PBXResourcesBuildPhase section */
		E42333241DD1C4CB00558138 /* Resources */ = {
			isa = PBXResourcesBuildPhase;
			buildActionMask = 2147483647;
			files = (
				E42333391DD1C4CB00558138 /* LaunchScreen.storyboard in Resources */,
				E42333361DD1C4CB00558138 /* Assets.xcassets in Resources */,
				E42333341DD1C4CB00558138 /* Main.storyboard in Resources */,
			);
			runOnlyForDeploymentPostprocessing = 0;
		};
/* End PBXResourcesBuildPhase section */

/* Begin PBXSourcesBuildPhase section */
		E42333221DD1C4CB00558138 /* Sources */ = {
			isa = PBXSourcesBuildPhase;
			buildActionMask = 2147483647;
			files = (
				E42333491DD1D96B00558138 /* UIViewController+TransitionProperty.m in Sources */,
				E42333311DD1C4CB00558138 /* ViewController.m in Sources */,
				E42333431DD1C5A500558138 /* UIViewController+transtion.m in Sources */,
				E423332E1DD1C4CB00558138 /* AppDelegate.m in Sources */,
				E42333461DD1C64900558138 /* transtionProperty.m in Sources */,
				E423332B1DD1C4CB00558138 /* main.m in Sources */,
			);
			runOnlyForDeploymentPostprocessing = 0;
		};
/* End PBXSourcesBuildPhase section */

/* Begin PBXVariantGroup section */
		E42333321DD1C4CB00558138 /* Main.storyboard */ = {
			isa = PBXVariantGroup;
			children = (
				E42333331DD1C4CB00558138 /* Base */,
			);
			name = Main.storyboard;
			sourceTree = "<group>";
		};
		E42333371DD1C4CB00558138 /* LaunchScreen.storyboard */ = {
			isa = PBXVariantGroup;
			children = (
				E42333381DD1C4CB00558138 /* Base */,
			);
			name = LaunchScreen.storyboard;
			sourceTree = "<group>";
		};
/* End PBXVariantGroup section */

/* Begin XCBuildConfiguration section */
		E423333B1DD1C4CB00558138 /* Debug */ = {
			isa = XCBuildConfiguration;
			buildSettings = {
				ALWAYS_SEARCH_USER_PATHS = NO;
				CLANG_ANALYZER_NONNULL = YES;
				CLANG_CXX_LANGUAGE_STANDARD = "gnu++0x";
				CLANG_CXX_LIBRARY = "libc++";
				CLANG_ENABLE_MODULES = YES;
				CLANG_ENABLE_OBJC_ARC = YES;
				CLANG_WARN_BOOL_CONVERSION = YES;
				CLANG_WARN_CONSTANT_CONVERSION = YES;
				CLANG_WARN_DIRECT_OBJC_ISA_USAGE = YES_ERROR;
				CLANG_WARN_DOCUMENTATION_COMMENTS = YES;
				CLANG_WARN_EMPTY_BODY = YES;
				CLANG_WARN_ENUM_CONVERSION = YES;
				CLANG_WARN_INFINITE_RECURSION = YES;
				CLANG_WARN_INT_CONVERSION = YES;
				CLANG_WARN_OBJC_ROOT_CLASS = YES_ERROR;
				CLANG_WARN_SUSPICIOUS_MOVES = YES;
				CLANG_WARN_UNREACHABLE_CODE = YES;
				CLANG_WARN__DUPLICATE_METHOD_MATCH = YES;
				"CODE_SIGN_IDENTITY[sdk=iphoneos*]" = "iPhone Developer";
				COPY_PHASE_STRIP = NO;
				DEBUG_INFORMATION_FORMAT = dwarf;
				ENABLE_STRICT_OBJC_MSGSEND = YES;
				ENABLE_TESTABILITY = YES;
				GCC_C_LANGUAGE_STANDARD = gnu99;
				GCC_DYNAMIC_NO_PIC = NO;
				GCC_NO_COMMON_BLOCKS = YES;
				GCC_OPTIMIZATION_LEVEL = 0;
				GCC_PREPROCESSOR_DEFINITIONS = (
					"DEBUG=1",
					"$(inherited)",
				);
				GCC_WARN_64_TO_32_BIT_CONVERSION = YES;
				GCC_WARN_ABOUT_RETURN_TYPE = YES_ERROR;
				GCC_WARN_UNDECLARED_SELECTOR = YES;
				GCC_WARN_UNINITIALIZED_AUTOS = YES_AGGRESSIVE;
				GCC_WARN_UNUSED_FUNCTION = YES;
				GCC_WARN_UNUSED_VARIABLE = YES;
				IPHONEOS_DEPLOYMENT_TARGET = 10.0;
				MTL_ENABLE_DEBUG_INFO = YES;
				ONLY_ACTIVE_ARCH = YES;
				SDKROOT = iphoneos;
			};
			name = Debug;
		};
		E423333C1DD1C4CB00558138 /* Release */ = {
			isa = XCBuildConfiguration;
			buildSettings = {
				ALWAYS_SEARCH_USER_PATHS = NO;
				CLANG_ANALYZER_NONNULL = YES;
				CLANG_CXX_LANGUAGE_STANDARD = "gnu++0x";
				CLANG_CXX_LIBRARY = "libc++";
				CLANG_ENABLE_MODULES = YES;
				CLANG_ENABLE_OBJC_ARC = YES;
				CLANG_WARN_BOOL_CONVERSION = YES;
				CLANG_WARN_CONSTANT_CONVERSION = YES;
				CLANG_WARN_DIRECT_OBJC_ISA_USAGE = YES_ERROR;
				CLANG_WARN_DOCUMENTATION_COMMENTS = YES;
				CLANG_WARN_EMPTY_BODY = YES;
				CLANG_WARN_ENUM_CONVERSION = YES;
				CLANG_WARN_INFINITE_RECURSION = YES;
				CLANG_WARN_INT_CONVERSION = YES;
				CLANG_WARN_OBJC_ROOT_CLASS = YES_ERROR;
				CLANG_WARN_SUSPICIOUS_MOVES = YES;
				CLANG_WARN_UNREACHABLE_CODE = YES;
				CLANG_WARN__DUPLICATE_METHOD_MATCH = YES;
				"CODE_SIGN_IDENTITY[sdk=iphoneos*]" = "iPhone Developer";
				COPY_PHASE_STRIP = NO;
				DEBUG_INFORMATION_FORMAT = "dwarf-with-dsym";
				ENABLE_NS_ASSERTIONS = NO;
				ENABLE_STRICT_OBJC_MSGSEND = YES;
				GCC_C_LANGUAGE_STANDARD = gnu99;
				GCC_NO_COMMON_BLOCKS = YES;
				GCC_WARN_64_TO_32_BIT_CONVERSION = YES;
				GCC_WARN_ABOUT_RETURN_TYPE = YES_ERROR;
				GCC_WARN_UNDECLARED_SELECTOR = YES;
				GCC_WARN_UNINITIALIZED_AUTOS = YES_AGGRESSIVE;
				GCC_WARN_UNUSED_FUNCTION = YES;
				GCC_WARN_UNUSED_VARIABLE = YES;
				IPHONEOS_DEPLOYMENT_TARGET = 10.0;
				MTL_ENABLE_DEBUG_INFO = NO;
				SDKROOT = iphoneos;
				VALIDATE_PRODUCT = YES;
			};
			name = Release;
		};
		E423333E1DD1C4CB00558138 /* Debug */ = {
			isa = XCBuildConfiguration;
			buildSettings = {
				ASSETCATALOG_COMPILER_APPICON_NAME = AppIcon;
				INFOPLIST_FILE = Trastion/Info.plist;
				LD_RUNPATH_SEARCH_PATHS = "$(inherited) @executable_path/Frameworks";
				PRODUCT_BUNDLE_IDENTIFIER = yyl.Trastion;
				PRODUCT_NAME = "$(TARGET_NAME)";
			};
			name = Debug;
		};
		E423333F1DD1C4CB00558138 /* Release */ = {
			isa = XCBuildConfiguration;
			buildSettings = {
				ASSETCATALOG_COMPILER_APPICON_NAME = AppIcon;
				INFOPLIST_FILE = Trastion/Info.plist;
				LD_RUNPATH_SEARCH_PATHS = "$(inherited) @executable_path/Frameworks";
				PRODUCT_BUNDLE_IDENTIFIER = yyl.Trastion;
				PRODUCT_NAME = "$(TARGET_NAME)";
			};
			name = Release;
		};
/* End XCBuildConfiguration section */

/* Begin XCConfigurationList section */
		E42333211DD1C4CB00558138 /* Build configuration list for PBXProject "Trastion" */ = {
			isa = XCConfigurationList;
			buildConfigurations = (
				E423333B1DD1C4CB00558138 /* Debug */,
				E423333C1DD1C4CB00558138 /* Release */,
			);
			defaultConfigurationIsVisible = 0;
			defaultConfigurationName = Release;
		};
		E423333D1DD1C4CB00558138 /* Build configuration list for PBXNativeTarget "Trastion" */ = {
			isa = XCConfigurationList;
			buildConfigurations = (
				E423333E1DD1C4CB00558138 /* Debug */,
				E423333F1DD1C4CB00558138 /* Release */,
			);
			defaultConfigurationIsVisible = 0;
		};
/* End XCConfigurationList section */
	};
	rootObject = E423331E1DD1C4CB00558138 /* Project object */;
}
